
Microsoft Visual Studio Solution File, Format Version 12.00
# Visual Studio Version 16
VisualStudioVersion = 16.0.31025.194
MinimumVisualStudioVersion = 10.0.40219.1
Project("{FAE04EC0-301F-11D3-BF4B-00C04F79EFBC}") = "InterfaceAnimal", "InterfaceAnimal.csproj", "{1B6E2DA4-FC68-4BA2-B0B1-2248E17C4698}"
EndProject
Global
	GlobalSection(SolutionConfigurationPlatforms) = preSolution
		Debug|Any CPU = Debug|Any CPU
		Release|Any CPU = Release|Any CPU
	EndGlobalSection
	GlobalSection(ProjectConfigurationPlatforms) = postSolution
		{1B6E2DA4-FC68-4BA2-B0B1-2248E17C4698}.Debug|Any CPU.ActiveCfg = Debug|Any CPU
		{1B6E2DA4-FC68-4BA2-B0B1-2248E17C4698}.Debug|Any CPU.Build.0 = Debug|Any CPU
		{1B6E2DA4-FC68-4BA2-B0B1-2248E17C4698}.Release|Any CPU.ActiveCfg = Release|Any CPU
		{1B6E2DA4-FC68-4BA2-B0B1-2248E17C4698}.Release|Any CPU.Build.0 = Release|Any CPU
	EndGlobalSection
	GlobalSection(SolutionProperties) = preSolution
		HideSolutionNode = FALSE
	EndGlobalSection
	GlobalSection(ExtensibilityGlobals) = postSolution
		SolutionGuid = {BC3A448C-6536-425E-94A9-33C39BD92F88}
	EndGlobalSection
EndGlobal
